
Microsoft Visual Studio Solution File, Format Version 12.00
# Visual Studio Version 16
VisualStudioVersion = 16.0.810.6
MinimumVisualStudioVersion = 10.0.40219.1
Project("{FAE04EC0-301F-11D3-BF4B-00C04F79EFBC}") = "A_WEAR_CULTURE.Server", "A_WEAR_CULTURE\Server\A_WEAR_CULTURE.Server.csproj", "{180CCAB4-274F-4004-AD2B-E9C27241F76A}"
EndProject
Project("{FAE04EC0-301F-11D3-BF4B-00C04F79EFBC}") = "A_WEAR_CULTURE.Client", "A_WEAR_CULTURE\Client\A_WEAR_CULTURE.Client.csproj", "{DE5C01E2-4981-4D15-9C1F-26FC1281D00A}"
EndProject
Project("{FAE04EC0-301F-11D3-BF4B-00C04F79EFBC}") = "A_WEAR_CULTURE.Shared", "A_WEAR_CULTURE\Shared\A_WEAR_CULTURE.Shared.csproj", "{C480F092-CD4A-4AAC-9052-9E5EB2EDB203}"
EndProject
Global
	GlobalSection(SolutionConfigurationPlatforms) = preSolution
		Debug|Any CPU = Debug|Any CPU
		Release|Any CPU = Release|Any CPU
	EndGlobalSection
	GlobalSection(ProjectConfigurationPlatforms) = postSolution
		{180CCAB4-274F-4004-AD2B-E9C27241F76A}.Debug|Any CPU.ActiveCfg = Debug|Any CPU
		{180CCAB4-274F-4004-AD2B-E9C27241F76A}.Debug|Any CPU.Build.0 = Debug|Any CPU
		{180CCAB4-274F-4004-AD2B-E9C27241F76A}.Release|Any CPU.ActiveCfg = Release|Any CPU
		{180CCAB4-274F-4004-AD2B-E9C27241F76A}.Release|Any CPU.Build.0 = Release|Any CPU
		{DE5C01E2-4981-4D15-9C1F-26FC1281D00A}.Debug|Any CPU.ActiveCfg = Debug|Any CPU
		{DE5C01E2-4981-4D15-9C1F-26FC1281D00A}.Debug|Any CPU.Build.0 = Debug|Any CPU
		{DE5C01E2-4981-4D15-9C1F-26FC1281D00A}.Release|Any CPU.ActiveCfg = Release|Any CPU
		{DE5C01E2-4981-4D15-9C1F-26FC1281D00A}.Release|Any CPU.Build.0 = Release|Any CPU
		{C480F092-CD4A-4AAC-9052-9E5EB2EDB203}.Debug|Any CPU.ActiveCfg = Debug|Any CPU
		{C480F092-CD4A-4AAC-9052-9E5EB2EDB203}.Debug|Any CPU.Build.0 = Debug|Any CPU
		{C480F092-CD4A-4AAC-9052-9E5EB2EDB203}.Release|Any CPU.ActiveCfg = Release|Any CPU
		{C480F092-CD4A-4AAC-9052-9E5EB2EDB203}.Release|Any CPU.Build.0 = Release|Any CPU
	EndGlobalSection
	GlobalSection(SolutionProperties) = preSolution
		HideSolutionNode = FALSE
	EndGlobalSection
	GlobalSection(ExtensibilityGlobals) = postSolution
		SolutionGuid = {301B483A-F750-4CAD-9C8D-EDAFE9FCB474}
	EndGlobalSection
EndGlobal
